
Microsoft Visual Studio Solution File, Format Version 12.00
# Visual Studio Version 16
VisualStudioVersion = 16.0.30011.22
MinimumVisualStudioVersion = 10.0.40219.1
Project("{FAE04EC0-301F-11D3-BF4B-00C04F79EFBC}") = "AdaptiveUIPlayground.UWP", "AdaptiveUIPlayground\AdaptiveUIPlayground.UWP\AdaptiveUIPlayground.UWP.csproj", "{1BCF8509-A18B-4F65-B98A-D9D42846D0C8}"
EndProject
Project("{FAE04EC0-301F-11D3-BF4B-00C04F79EFBC}") = "AdaptiveUIPlayground.Android", "AdaptiveUIPlayground\AdaptiveUIPlayground.Android\AdaptiveUIPlayground.Android.csproj", "{56449AE1-F88F-48B7-B630-F64958DB10E8}"
EndProject
Project("{FAE04EC0-301F-11D3-BF4B-00C04F79EFBC}") = "AdaptiveUIPlayground.iOS", "AdaptiveUIPlayground\AdaptiveUIPlayground.iOS\AdaptiveUIPlayground.iOS.csproj", "{C832F755-FCDA-4257-8118-27087CF79272}"
EndProject
Project("{FAE04EC0-301F-11D3-BF4B-00C04F79EFBC}") = "AdaptiveUIPlayground", "AdaptiveUIPlayground\AdaptiveUIPlayground\AdaptiveUIPlayground.csproj", "{C00D8BC8-B8A2-45B4-B261-FC26FA05935D}"
EndProject
Global
	GlobalSection(SolutionConfigurationPlatforms) = preSolution
		Debug|Any CPU = Debug|Any CPU
		Debug|ARM = Debug|ARM
		Debug|iPhone = Debug|iPhone
		Debug|iPhoneSimulator = Debug|iPhoneSimulator
		Debug|x64 = Debug|x64
		Debug|x86 = Debug|x86
		Release|Any CPU = Release|Any CPU
		Release|ARM = Release|ARM
		Release|iPhone = Release|iPhone
		Release|iPhoneSimulator = Release|iPhoneSimulator
		Release|x64 = Release|x64
		Release|x86 = Release|x86
	EndGlobalSection
	GlobalSection(ProjectConfigurationPlatforms) = postSolution
		{1BCF8509-A18B-4F65-B98A-D9D42846D0C8}.Debug|Any CPU.ActiveCfg = Debug|x86
		{1BCF8509-A18B-4F65-B98A-D9D42846D0C8}.Debug|Any CPU.Build.0 = Debug|x86
		{1BCF8509-A18B-4F65-B98A-D9D42846D0C8}.Debug|Any CPU.Deploy.0 = Debug|x86
		{1BCF8509-A18B-4F65-B98A-D9D42846D0C8}.Debug|ARM.ActiveCfg = Debug|ARM
		{1BCF8509-A18B-4F65-B98A-D9D42846D0C8}.Debug|ARM.Build.0 = Debug|ARM
		{1BCF8509-A18B-4F65-B98A-D9D42846D0C8}.Debug|ARM.Deploy.0 = Debug|ARM
		{1BCF8509-A18B-4F65-B98A-D9D42846D0C8}.Debug|iPhone.ActiveCfg = Debug|x86
		{1BCF8509-A18B-4F65-B98A-D9D42846D0C8}.Debug|iPhone.Build.0 = Debug|x86
		{1BCF8509-A18B-4F65-B98A-D9D42846D0C8}.Debug|iPhone.Deploy.0 = Debug|x86
		{1BCF8509-A18B-4F65-B98A-D9D42846D0C8}.Debug|iPhoneSimulator.ActiveCfg = Debug|x86
		{1BCF8509-A18B-4F65-B98A-D9D42846D0C8}.Debug|iPhoneSimulator.Build.0 = Debug|x86
		{1BCF8509-A18B-4F65-B98A-D9D42846D0C8}.Debug|iPhoneSimulator.Deploy.0 = Debug|x86
		{1BCF8509-A18B-4F65-B98A-D9D42846D0C8}.Debug|x64.ActiveCfg = Debug|x64
		{1BCF8509-A18B-4F65-B98A-D9D42846D0C8}.Debug|x64.Build.0 = Debug|x64
		{1BCF8509-A18B-4F65-B98A-D9D42846D0C8}.Debug|x64.Deploy.0 = Debug|x64
		{1BCF8509-A18B-4F65-B98A-D9D42846D0C8}.Debug|x86.ActiveCfg = Debug|x86
		{1BCF8509-A18B-4F65-B98A-D9D42846D0C8}.Debug|x86.Build.0 = Debug|x86
		{1BCF8509-A18B-4F65-B98A-D9D42846D0C8}.Debug|x86.Deploy.0 = Debug|x86
		{1BCF8509-A18B-4F65-B98A-D9D42846D0C8}.Release|Any CPU.ActiveCfg = Release|x86
		{1BCF8509-A18B-4F65-B98A-D9D42846D0C8}.Release|Any CPU.Build.0 = Release|x86
		{1BCF8509-A18B-4F65-B98A-D9D42846D0C8}.Release|Any CPU.Deploy.0 = Release|x86
		{1BCF8509-A18B-4F65-B98A-D9D42846D0C8}.Release|ARM.ActiveCfg = Release|ARM
		{1BCF8509-A18B-4F65-B98A-D9D42846D0C8}.Release|ARM.Build.0 = Release|ARM
		{1BCF8509-A18B-4F65-B98A-D9D42846D0C8}.Release|ARM.Deploy.0 = Release|ARM
		{1BCF8509-A18B-4F65-B98A-D9D42846D0C8}.Release|iPhone.ActiveCfg = Release|x86
		{1BCF8509-A18B-4F65-B98A-D9D42846D0C8}.Release|iPhone.Build.0 = Release|x86
		{1BCF8509-A18B-4F65-B98A-D9D42846D0C8}.Release|iPhone.Deploy.0 = Release|x86
		{1BCF8509-A18B-4F65-B98A-D9D42846D0C8}.Release|iPhoneSimulator.ActiveCfg = Release|x86
		{1BCF8509-A18B-4F65-B98A-D9D42846D0C8}.Release|iPhoneSimulator.Build.0 = Release|x86
		{1BCF8509-A18B-4F65-B98A-D9D42846D0C8}.Release|iPhoneSimulator.Deploy.0 = Release|x86
		{1BCF8509-A18B-4F65-B98A-D9D42846D0C8}.Release|x64.ActiveCfg = Release|x64
		{1BCF8509-A18B-4F65-B98A-D9D42846D0C8}.Release|x64.Build.0 = Release|x64
		{1BCF8509-A18B-4F65-B98A-D9D42846D0C8}.Release|x64.Deploy.0 = Release|x64
		{1BCF8509-A18B-4F65-B98A-D9D42846D0C8}.Release|x86.ActiveCfg = Release|x86
		{1BCF8509-A18B-4F65-B98A-D9D42846D0C8}.Release|x86.Build.0 = Release|x86
		{1BCF8509-A18B-4F65-B98A-D9D42846D0C8}.Release|x86.Deploy.0 = Release|x86
		{56449AE1-F88F-48B7-B630-F64958DB10E8}.Debug|Any CPU.ActiveCfg = Debug|Any CPU
		{56449AE1-F88F-48B7-B630-F64958DB10E8}.Debug|Any CPU.Build.0 = Debug|Any CPU
		{56449AE1-F88F-48B7-B630-F64958DB10E8}.Debug|Any CPU.Deploy.0 = Debug|Any CPU
		{56449AE1-F88F-48B7-B630-F64958DB10E8}.Debug|ARM.ActiveCfg = Debug|Any CPU
		{56449AE1-F88F-48B7-B630-F64958DB10E8}.Debug|ARM.Build.0 = Debug|Any CPU
		{56449AE1-F88F-48B7-B630-F64958DB10E8}.Debug|ARM.Deploy.0 = Debug|Any CPU
		{56449AE1-F88F-48B7-B630-F64958DB10E8}.Debug|iPhone.ActiveCfg = Debug|Any CPU
		{56449AE1-F88F-48B7-B630-F64958DB10E8}.Debug|iPhone.Build.0 = Debug|Any CPU
		{56449AE1-F88F-48B7-B630-F64958DB10E8}.Debug|iPhone.Deploy.0 = Debug|Any CPU
		{56449AE1-F88F-48B7-B630-F64958DB10E8}.Debug|iPhoneSimulator.ActiveCfg = Debug|Any CPU
		{56449AE1-F88F-48B7-B630-F64958DB10E8}.Debug|iPhoneSimulator.Build.0 = Debug|Any CPU
		{56449AE1-F88F-48B7-B630-F64958DB10E8}.Debug|iPhoneSimulator.Deploy.0 = Debug|Any CPU
		{56449AE1-F88F-48B7-B630-F64958DB10E8}.Debug|x64.ActiveCfg = Debug|Any CPU
		{56449AE1-F88F-48B7-B630-F64958DB10E8}.Debug|x64.Build.0 = Debug|Any CPU
		{56449AE1-F88F-48B7-B630-F64958DB10E8}.Debug|x64.Deploy.0 = Debug|Any CPU
		{56449AE1-F88F-48B7-B630-F64958DB10E8}.Debug|x86.ActiveCfg = Debug|Any CPU
		{56449AE1-F88F-48B7-B630-F64958DB10E8}.Debug|x86.Build.0 = Debug|Any CPU
		{56449AE1-F88F-48B7-B630-F64958DB10E8}.Debug|x86.Deploy.0 = Debug|Any CPU
		{56449AE1-F88F-48B7-B630-F64958DB10E8}.Release|Any CPU.ActiveCfg = Release|Any CPU
		{56449AE1-F88F-48B7-B630-F64958DB10E8}.Release|Any CPU.Build.0 = Release|Any CPU
		{56449AE1-F88F-48B7-B630-F64958DB10E8}.Release|Any CPU.Deploy.0 = Release|Any CPU
		{56449AE1-F88F-48B7-B630-F64958DB10E8}.Release|ARM.ActiveCfg = Release|Any CPU
		{56449AE1-F88F-48B7-B630-F64958DB10E8}.Release|ARM.Build.0 = Release|Any CPU
		{56449AE1-F88F-48B7-B630-F64958DB10E8}.Release|ARM.Deploy.0 = Release|Any CPU
		{56449AE1-F88F-48B7-B630-F64958DB10E8}.Release|iPhone.ActiveCfg = Release|Any CPU
		{56449AE1-F88F-48B7-B630-F64958DB10E8}.Release|iPhone.Build.0 = Release|Any CPU
		{56449AE1-F88F-48B7-B630-F64958DB10E8}.Release|iPhone.Deploy.0 = Release|Any CPU
		{56449AE1-F88F-48B7-B630-F64958DB10E8}.Release|iPhoneSimulator.ActiveCfg = Release|Any CPU
		{56449AE1-F88F-48B7-B630-F64958DB10E8}.Release|iPhoneSimulator.Build.0 = Release|Any CPU
		{56449AE1-F88F-48B7-B630-F64958DB10E8}.Release|iPhoneSimulator.Deploy.0 = Release|Any CPU
		{56449AE1-F88F-48B7-B630-F64958DB10E8}.Release|x64.ActiveCfg = Release|Any CPU
		{56449AE1-F88F-48B7-B630-F64958DB10E8}.Release|x64.Build.0 = Release|Any CPU
		{56449AE1-F88F-48B7-B630-F64958DB10E8}.Release|x64.Deploy.0 = Release|Any CPU
		{56449AE1-F88F-48B7-B630-F64958DB10E8}.Release|x86.ActiveCfg = Release|Any CPU
		{56449AE1-F88F-48B7-B630-F64958DB10E8}.Release|x86.Build.0 = Release|Any CPU
		{56449AE1-F88F-48B7-B630-F64958DB10E8}.Release|x86.Deploy.0 = Release|Any CPU
		{C832F755-FCDA-4257-8118-27087CF79272}.Debug|Any CPU.ActiveCfg = Debug|iPhone
		{C832F755-FCDA-4257-8118-27087CF79272}.Debug|Any CPU.Build.0 = Debug|iPhone
		{C832F755-FCDA-4257-8118-27087CF79272}.Debug|Any CPU.Deploy.0 = Debug|iPhone
		{C832F755-FCDA-4257-8118-27087CF79272}.Debug|ARM.ActiveCfg = Debug|iPhone
		{C832F755-FCDA-4257-8118-27087CF79272}.Debug|ARM.Build.0 = Debug|iPhone
		{C832F755-FCDA-4257-8118-27087CF79272}.Debug|ARM.Deploy.0 = Debug|iPhone
		{C832F755-FCDA-4257-8118-27087CF79272}.Debug|iPhone.ActiveCfg = Debug|iPhone
		{C832F755-FCDA-4257-8118-27087CF79272}.Debug|iPhone.Build.0 = Debug|iPhone
		{C832F755-FCDA-4257-8118-27087CF79272}.Debug|iPhone.Deploy.0 = Debug|iPhone
		{C832F755-FCDA-4257-8118-27087CF79272}.Debug|iPhoneSimulator.ActiveCfg = Debug|iPhoneSimulator
		{C832F755-FCDA-4257-8118-27087CF79272}.Debug|iPhoneSimulator.Build.0 = Debug|iPhoneSimulator
		{C832F755-FCDA-4257-8118-27087CF79272}.Debug|iPhoneSimulator.Deploy.0 = Debug|iPhoneSimulator
		{C832F755-FCDA-4257-8118-27087CF79272}.Debug|x64.ActiveCfg = Debug|iPhone
		{C832F755-FCDA-4257-8118-27087CF79272}.Debug|x64.Build.0 = Debug|iPhone
		{C832F755-FCDA-4257-8118-27087CF79272}.Debug|x64.Deploy.0 = Debug|iPhone
		{C832F755-FCDA-4257-8118-27087CF79272}.Debug|x86.ActiveCfg = Debug|iPhone
		{C832F755-FCDA-4257-8118-27087CF79272}.Debug|x86.Build.0 = Debug|iPhone
		{C832F755-FCDA-4257-8118-27087CF79272}.Debug|x86.Deploy.0 = Debug|iPhone
		{C832F755-FCDA-4257-8118-27087CF79272}.Release|Any CPU.ActiveCfg = Release|iPhone
		{C832F755-FCDA-4257-8118-27087CF79272}.Release|Any CPU.Build.0 = Release|iPhone
		{C832F755-FCDA-4257-8118-27087CF79272}.Release|Any CPU.Deploy.0 = Release|iPhone
		{C832F755-FCDA-4257-8118-27087CF79272}.Release|ARM.ActiveCfg = Release|iPhone
		{C832F755-FCDA-4257-8118-27087CF79272}.Release|ARM.Build.0 = Release|iPhone
		{C832F755-FCDA-4257-8118-27087CF79272}.Release|ARM.Deploy.0 = Release|iPhone
		{C832F755-FCDA-4257-8118-27087CF79272}.Release|iPhone.ActiveCfg = Release|iPhone
		{C832F755-FCDA-4257-8118-27087CF79272}.Release|iPhone.Build.0 = Release|iPhone
		{C832F755-FCDA-4257-8118-27087CF79272}.Release|iPhone.Deploy.0 = Release|iPhone
		{C832F755-FCDA-4257-8118-27087CF79272}.Release|iPhoneSimulator.ActiveCfg = Release|iPhoneSimulator
		{C832F755-FCDA-4257-8118-27087CF79272}.Release|iPhoneSimulator.Build.0 = Release|iPhoneSimulator
		{C832F755-FCDA-4257-8118-27087CF79272}.Release|iPhoneSimulator.Deploy.0 = Release|iPhoneSimulator
		{C832F755-FCDA-4257-8118-27087CF79272}.Release|x64.ActiveCfg = Release|iPhone
		{C832F755-FCDA-4257-8118-27087CF79272}.Release|x64.Build.0 = Release|iPhone
		{C832F755-FCDA-4257-8118-27087CF79272}.Release|x64.Deploy.0 = Release|iPhone
		{C832F755-FCDA-4257-8118-27087CF79272}.Release|x86.ActiveCfg = Release|iPhone
		{C832F755-FCDA-4257-8118-27087CF79272}.Release|x86.Build.0 = Release|iPhone
		{C832F755-FCDA-4257-8118-27087CF79272}.Release|x86.Deploy.0 = Release|iPhone
		{C00D8BC8-B8A2-45B4-B261-FC26FA05935D}.Debug|Any CPU.ActiveCfg = Debug|Any CPU
		{C00D8BC8-B8A2-45B4-B261-FC26FA05935D}.Debug|Any CPU.Build.0 = Debug|Any CPU
		{C00D8BC8-B8A2-45B4-B261-FC26FA05935D}.Debug|Any CPU.Deploy.0 = Debug|Any CPU
		{C00D8BC8-B8A2-45B4-B261-FC26FA05935D}.Debug|ARM.ActiveCfg = Debug|Any CPU
		{C00D8BC8-B8A2-45B4-B261-FC26FA05935D}.Debug|ARM.Build.0 = Debug|Any CPU
		{C00D8BC8-B8A2-45B4-B261-FC26FA05935D}.Debug|ARM.Deploy.0 = Debug|Any CPU
		{C00D8BC8-B8A2-45B4-B261-FC26FA05935D}.Debug|iPhone.ActiveCfg = Debug|Any CPU
		{C00D8BC8-B8A2-45B4-B261-FC26FA05935D}.Debug|iPhone.Build.0 = Debug|Any CPU
		{C00D8BC8-B8A2-45B4-B261-FC26FA05935D}.Debug|iPhone.Deploy.0 = Debug|Any CPU
		{C00D8BC8-B8A2-45B4-B261-FC26FA05935D}.Debug|iPhoneSimulator.ActiveCfg = Debug|Any CPU
		{C00D8BC8-B8A2-45B4-B261-FC26FA05935D}.Debug|iPhoneSimulator.Build.0 = Debug|Any CPU
		{C00D8BC8-B8A2-45B4-B261-FC26FA05935D}.Debug|iPhoneSimulator.Deploy.0 = Debug|Any CPU
		{C00D8BC8-B8A2-45B4-B261-FC26FA05935D}.Debug|x64.ActiveCfg = Debug|Any CPU
		{C00D8BC8-B8A2-45B4-B261-FC26FA05935D}.Debug|x64.Build.0 = Debug|Any CPU
		{C00D8BC8-B8A2-45B4-B261-FC26FA05935D}.Debug|x64.Deploy.0 = Debug|Any CPU
		{C00D8BC8-B8A2-45B4-B261-FC26FA05935D}.Debug|x86.ActiveCfg = Debug|Any CPU
		{C00D8BC8-B8A2-45B4-B261-FC26FA05935D}.Debug|x86.Build.0 = Debug|Any CPU
		{C00D8BC8-B8A2-45B4-B261-FC26FA05935D}.Debug|x86.Deploy.0 = Debug|Any CPU
		{C00D8BC8-B8A2-45B4-B261-FC26FA05935D}.Release|Any CPU.ActiveCfg = Release|Any CPU
		{C00D8BC8-B8A2-45B4-B261-FC26FA05935D}.Release|Any CPU.Build.0 = Release|Any CPU
		{C00D8BC8-B8A2-45B4-B261-FC26FA05935D}.Release|Any CPU.Deploy.0 = Release|Any CPU
		{C00D8BC8-B8A2-45B4-B261-FC26FA05935D}.Release|ARM.ActiveCfg = Release|Any CPU
		{C00D8BC8-B8A2-45B4-B261-FC26FA05935D}.Release|ARM.Build.0 = Release|Any CPU
		{C00D8BC8-B8A2-45B4-B261-FC26FA05935D}.Release|ARM.Deploy.0 = Release|Any CPU
		{C00D8BC8-B8A2-45B4-B261-FC26FA05935D}.Release|iPhone.ActiveCfg = Release|Any CPU
		{C00D8BC8-B8A2-45B4-B261-FC26FA05935D}.Release|iPhone.Build.0 = Release|Any CPU
		{C00D8BC8-B8A2-45B4-B261-FC26FA05935D}.Release|iPhone.Deploy.0 = Release|Any CPU
		{C00D8BC8-B8A2-45B4-B261-FC26FA05935D}.Release|iPhoneSimulator.ActiveCfg = Release|Any CPU
		{C00D8BC8-B8A2-45B4-B261-FC26FA05935D}.Release|iPhoneSimulator.Build.0 = Release|Any CPU
		{C00D8BC8-B8A2-45B4-B261-FC26FA05935D}.Release|iPhoneSimulator.Deploy.0 = Release|Any CPU
		{C00D8BC8-B8A2-45B4-B261-FC26FA05935D}.Release|x64.ActiveCfg = Release|Any CPU
		{C00D8BC8-B8A2-45B4-B261-FC26FA05935D}.Release|x64.Build.0 = Release|Any CPU
		{C00D8BC8-B8A2-45B4-B261-FC26FA05935D}.Release|x64.Deploy.0 = Release|Any CPU
		{C00D8BC8-B8A2-45B4-B261-FC26FA05935D}.Release|x86.ActiveCfg = Release|Any CPU
		{C00D8BC8-B8A2-45B4-B261-FC26FA05935D}.Release|x86.Build.0 = Release|Any CPU
		{C00D8BC8-B8A2-45B4-B261-FC26FA05935D}.Release|x86.Deploy.0 = Release|Any CPU
	EndGlobalSection
	GlobalSection(SolutionProperties) = preSolution
		HideSolutionNode = FALSE
	EndGlobalSection
	GlobalSection(ExtensibilityGlobals) = postSolution
		SolutionGuid = {2A39FCB3-AA0F-4A18-9EA8-6C94F80CC031}
	EndGlobalSection
EndGlobal
